
Microsoft Visual Studio Solution File, Format Version 12.00
# Visual Studio Version 17
VisualStudioVersion = 17.2.32630.192
MinimumVisualStudioVersion = 10.0.40219.1
Project("{FAE04EC0-301F-11D3-BF4B-00C04F79EFBC}") = "eTickets", "eTickets.csproj", "{B486C6A8-86D9-4877-98E4-E17B5F423315}"
EndProject
Global
	GlobalSection(SolutionConfigurationPlatforms) = preSolution
		Debug|Any CPU = Debug|Any CPU
		Release|Any CPU = Release|Any CPU
	EndGlobalSection
	GlobalSection(ProjectConfigurationPlatforms) = postSolution
		{B486C6A8-86D9-4877-98E4-E17B5F423315}.Debug|Any CPU.ActiveCfg = Debug|Any CPU
		{B486C6A8-86D9-4877-98E4-E17B5F423315}.Debug|Any CPU.Build.0 = Debug|Any CPU
		{B486C6A8-86D9-4877-98E4-E17B5F423315}.Release|Any CPU.ActiveCfg = Release|Any CPU
		{B486C6A8-86D9-4877-98E4-E17B5F423315}.Release|Any CPU.Build.0 = Release|Any CPU
	EndGlobalSection
	GlobalSection(SolutionProperties) = preSolution
		HideSolutionNode = FALSE
	EndGlobalSection
	GlobalSection(ExtensibilityGlobals) = postSolution
		SolutionGuid = {3B08D880-753B-42BB-A57F-45F41DBE3D39}
	EndGlobalSection
EndGlobal
